github.com/adityatelange/hugo-PaperMod v0.0.0-20260510052646-154d006e0182 h1:wKy2+NZXtaj3qjFwoj4RZfouaAxCAY/oY9iiUmGlCZE=
github.com/adityatelange/hugo-PaperMod v0.0.0-20260510052646-154d006e0182/go.mod h1:sp5WH671pzcVNpWKveBQKlBfu6T9uvcBI/4B3BSojKw=
github.com/gohugo-ananke/ananke/v2 v2.19.0 h1:FbXCNVEPdSGr937hivfJ31eDj4d1y0okbYeKgLArxyw=
github.com/gohugo-ananke/ananke/v2 v2.19.0/go.mod h1:HLy3O8WIkY0EmkMryllP6ilZVvAWz1XsLnfYLuD7dvE=
github.com/nanxiaobei/hugo-paper v0.0.0-20260309084619-de1169ec320d h1:CgzW/5B0DHXMbPzkS+bXAlrOCeYWqyYoNVWC3YB7yC4=
github.com/nanxiaobei/hugo-paper v0.0.0-20260309084619-de1169ec320d/go.mod h1:cS2hTYPgmZ2FkPTQbOiX6vB0yLQcWD067kJx2lkRPVQ=
